schema: '2.0'
stages:
  preprocess_data:
    cmd: python3 classification_model/preprocess_data.py data/diabetes.csv --force
    deps:
    - path: classification_model/preprocess_data.py
      md5: ba228bbe93e14c5223c85e84fca9e1ce
      size: 1325
    - path: data/diabetes.csv
      md5: b43dd020fa775d93fced49f959c227ed
      size: 23873
    outs:
    - path: data/diabetes_preprocessed.csv
      md5: 86d746e594bbfe454b593dddfb75c884
      size: 21203
  training:
    cmd: python3 classification_model/train.py data/diabetes_preprocessed.csv classification_model/model.py
    deps:
    - path: classification_model/model.py
      md5: 20f79ea4df5af9ab1af51ed969e41689
      size: 4513
    - path: classification_model/train.py
      md5: eeeaa65610af583dba75c9f99973ee11
      size: 1253
    - path: data/diabetes_preprocessed.csv
      md5: 86d746e594bbfe454b593dddfb75c884
      size: 21203
    outs:
    - path: models/model.joblib
      md5: 6d948dfada834a51920ac8225b07430c
      size: 1812
  evaluation:
    cmd: python3 ./classification_model/evaluate.py ./data/diabetes_preprocessed.csv
      ./classification_model/model.py ./models/model.joblib
    deps:
    - path: ./classification_model/evaluate.py
      md5: cc4fa2369bec6717d881c3be8e20cf9e
      size: 1240
    - path: ./classification_model/model.py
      md5: 20f79ea4df5af9ab1af51ed969e41689
      size: 4513
    - path: ./data/diabetes_preprocessed.csv
      md5: 86d746e594bbfe454b593dddfb75c884
      size: 21203
    outs:
    - path: ./results/metrics.json
      md5: e5d85f65a4b4bc221f88b2cda65db202
      size: 110
  preprocess:
    cmd: python3 ./classification_model/process_raw_data.py
    deps:
    - path: classification_model/process_raw_data.py
      md5: 6e46f97a2838b814fc2dfe54298a3958
      size: 1685
    - path: data/diabetes_raw.csv
      md5: b43dd020fa775d93fced49f959c227ed
      size: 23873
    outs:
    - path: ./data/diabetes_raw_processed.csv
      md5: 86d746e594bbfe454b593dddfb75c884
      size: 21203
  split_preprocess:
    cmd: python3 classification_model/split_preprocess.py
    deps:
    - path: classification_model/split_preprocess.py
      md5: 6f783fd38417787b5f0e294c835a551f
      size: 3236
    - path: data/diabetes_raw_processed.csv
      md5: 86d746e594bbfe454b593dddfb75c884
      size: 21203
    outs:
    - path: data/X_test.csv
      md5: e1d82a260c6ed417781af371c3210543
      size: 41372
    - path: data/X_train.csv
      md5: 8ffa2389be7a44c828d7d7a06f9875b5
      size: 96017
    - path: data/y_test.csv
      md5: d81ff79e5fc1df2a347ced818a78e78b
      size: 470
    - path: data/y_train.csv
      md5: 9d4504d5b7bff8fab6b44515aad9435a
      size: 1082
  model:
    cmd: python3 classification_model/model.py
    outs:
    - path: models/grid_search_cv.joblib
      md5: cb84115f22d2a4ac760c35cd75fa27a2
      size: 730
  train:
    cmd: python3 classification_model/train.py
    deps:
    - path: data/X_train.csv
      md5: 8ffa2389be7a44c828d7d7a06f9875b5
      size: 96017
    - path: data/y_train.csv
      md5: 9d4504d5b7bff8fab6b44515aad9435a
      size: 1082
  predict:
    cmd: python3 classification_model/predict.py
    deps:
    - path: data/X_test.csv
      md5: e1d82a260c6ed417781af371c3210543
      size: 41372
    - path: data/X_train.csv
      md5: 8ffa2389be7a44c828d7d7a06f9875b5
      size: 96017
    outs:
    - path: data/y_pred_test.csv
      md5: 6811932c14f1bd44e458533a7851baf6
      size: 5775
    - path: data/y_pred_train.csv
      md5: aec79d5a8fe0816574880b4167995be4
      size: 13425
